PODS:
  - Alamofire (4.5.1)
  - ColorMatchTabs (2.0.1)
  - SwiftyJSON (3.1.4)

DEPENDENCIES:
  - Alamofire (~> 4.5)
  - ColorMatchTabs (~> 2.0)
  - SwiftyJSON

SPEC CHECKSUMS:
  Alamofire: 2d95912bf4c34f164fdfc335872e8c312acaea4a
  ColorMatchTabs: f92f9ff526340c9816570ff2ee9abfc6d85d4a2b
  SwiftyJSON: c2842d878f95482ffceec5709abc3d05680c0220

PODFILE CHECKSUM: 9ecdb93273bbf77d484c9f10847aea11a11ddf43

COCOAPODS: 1.1.1
