// !$*UTF8*$!
{
	archiveVersion = 1;
	classes = {
	};
	objectVersion = 46;
	objects = {

/* Begin PBXBuildFile section */
		2CE6BA5279F9022BA086BD4E /* Pods_nCombinatorUITests.framework in Frameworks */ = {isa = PBXBuildFile; fileRef = E7C3D9E79AD1D731C4359DA6 /* Pods_nCombinatorUITests.framework */; };
		8F0BDEE72C4F49C0EBF0A670 /* Pods_nCombinator.framework in Frameworks */ = {isa = PBXBuildFile; fileRef = C1DAFF6C528A38284FAD1EFF /* Pods_nCombinator.framework */; };
		9F5908CB1FB2DF7A00BA6456 /* FeedItem.swift in Sources */ = {isa = PBXBuildFile; fileRef = 9F5908CA1FB2DF7A00BA6456 /* FeedItem.swift */; };
		9F6F74351FB2D892009A539D /* AppDelegate.swift in Sources */ = {isa = PBXBuildFile; fileRef = 9F6F74341FB2D892009A539D /* AppDelegate.swift */; };
		9F6F74371FB2D892009A539D /* MainVC.swift in Sources */ = {isa = PBXBuildFile; fileRef = 9F6F74361FB2D892009A539D /* MainVC.swift */; };
		9F6F743A1FB2D892009A539D /* Main.storyboard in Resources */ = {isa = PBXBuildFile; fileRef = 9F6F74381FB2D892009A539D /* Main.storyboard */; };
		9F6F743D1FB2D892009A539D /* nCombinator.xcdatamodeld in Sources */ = {isa = PBXBuildFile; fileRef = 9F6F743B1FB2D892009A539D /* nCombinator.xcdatamodeld */; };
		9F6F743F1FB2D892009A539D /* Assets.xcassets in Resources */ = {isa = PBXBuildFile; fileRef = 9F6F743E1FB2D892009A539D /* Assets.xcassets */; };
		9F6F74421FB2D892009A539D /* LaunchScreen.storyboard in Resources */ = {isa = PBXBuildFile; fileRef = 9F6F74401FB2D892009A539D /* LaunchScreen.storyboard */; };
		9F6F744D1FB2D893009A539D /* nCombinatorTests.swift in Sources */ = {isa = PBXBuildFile; fileRef = 9F6F744C1FB2D893009A539D /* nCombinatorTests.swift */; };
		9F6F74581FB2D893009A539D /* nCombinatorUITests.swift in Sources */ = {isa = PBXBuildFile; fileRef = 9F6F74571FB2D893009A539D /* nCombinatorUITests.swift */; };
		9F6F746D1FB2DC4D009A539D /* SourceSelectionVC.swift in Sources */ = {isa = PBXBuildFile; fileRef = 9F6F746C1FB2DC4D009A539D /* SourceSelectionVC.swift */; };
		9F6F746F1FB2DC8E009A539D /* Reddit.swift in Sources */ = {isa = PBXBuildFile; fileRef = 9F6F746E1FB2DC8E009A539D /* Reddit.swift */; };
		9F6F74711FB2DCA9009A539D /* HackerNews.swift in Sources */ = {isa = PBXBuildFile; fileRef = 9F6F74701FB2DCA9009A539D /* HackerNews.swift */; };
		9F6F74731FB2DCE4009A539D /* ProductHunt.swift in Sources */ = {isa = PBXBuildFile; fileRef = 9F6F74721FB2DCE4009A539D /* ProductHunt.swift */; };
		D88B4C008001E96DAC8C987F /* Pods_nCombinatorTests.framework in Frameworks */ = {isa = PBXBuildFile; fileRef = F59443126A07297CCAD0EFFA /* Pods_nCombinatorTests.framework */; };
/* End PBXBuildFile section */

/* Begin PBXContainerItemProxy section */
		9F6F74491FB2D893009A539D /* PBXContainerItemProxy */ = {
			isa = PBXContainerItemProxy;
			containerPortal = 9F6F74291FB2D892009A539D /* Project object */;
			proxyType = 1;
			remoteGlobalIDString = 9F6F74301FB2D892009A539D;
			remoteInfo = nCombinator;
		};
		9F6F74541FB2D893009A539D /* PBXContainerItemProxy */ = {
			isa = PBXContainerItemProxy;
			containerPortal = 9F6F74291FB2D892009A539D /* Project object */;
			proxyType = 1;
			remoteGlobalIDString = 9F6F74301FB2D892009A539D;
			remoteInfo = nCombinator;
		};
/* End PBXContainerItemProxy section */

/* Begin PBXFileReference section */
		1B7F9C75B789658F3010CCAA /* Pods-nCombinatorUITests.debug.xcconfig */ = {isa = PBXFileReference; includeInIndex = 1; lastKnownFileType = text.xcconfig; name = "Pods-nCombinatorUITests.debug.xcconfig"; path = "Pods/Target Support Files/Pods-nCombinatorUITests/Pods-nCombinatorUITests.debug.xcconfig"; sourceTree = "<group>"; };
		1C2DFA6E826689EB012965F3 /* Pods-nCombinatorUITests.release.xcconfig */ = {isa = PBXFileReference; includeInIndex = 1; lastKnownFileType = text.xcconfig; name = "Pods-nCombinatorUITests.release.xcconfig"; path = "Pods/Target Support Files/Pods-nCombinatorUITests/Pods-nCombinatorUITests.release.xcconfig"; sourceTree = "<group>"; };
		4ED41FE4838176F9508D2DDB /* Pods-nCombinatorTests.release.xcconfig */ = {isa = PBXFileReference; includeInIndex = 1; lastKnownFileType = text.xcconfig; name = "Pods-nCombinatorTests.release.xcconfig"; path = "Pods/Target Support Files/Pods-nCombinatorTests/Pods-nCombinatorTests.release.xcconfig"; sourceTree = "<group>"; };
		719C03DC5BBD5AC94E1F154B /* Pods-nCombinator.debug.xcconfig */ = {isa = PBXFileReference; includeInIndex = 1; lastKnownFileType = text.xcconfig; name = "Pods-nCombinator.debug.xcconfig"; path = "Pods/Target Support Files/Pods-nCombinator/Pods-nCombinator.debug.xcconfig"; sourceTree = "<group>"; };
		9F5908CA1FB2DF7A00BA6456 /* FeedItem.swift */ = {isa = PBXFileReference; fileEncoding = 4; lastKnownFileType = sourcecode.swift; path = FeedItem.swift; sourceTree = "<group>"; };
		9F6F74311FB2D892009A539D /* nCombinator.app */ = {isa = PBXFileReference; explicitFileType = wrapper.application; includeInIndex = 0; path = nCombinator.app; sourceTree = BUILT_PRODUCTS_DIR; };
		9F6F74341FB2D892009A539D /* AppDelegate.swift */ = {isa = PBXFileReference; lastKnownFileType = sourcecode.swift; path = AppDelegate.swift; sourceTree = "<group>"; };
		9F6F74361FB2D892009A539D /* MainVC.swift */ = {isa = PBXFileReference; lastKnownFileType = sourcecode.swift; path = MainVC.swift; sourceTree = "<group>"; };
		9F6F74391FB2D892009A539D /* Base */ = {isa = PBXFileReference; lastKnownFileType = file.storyboard; name = Base; path = Base.lproj/Main.storyboard; sourceTree = "<group>"; };
		9F6F743C1FB2D892009A539D /* nCombinator.xcdatamodel */ = {isa = PBXFileReference; lastKnownFileType = wrapper.xcdatamodel; path = nCombinator.xcdatamodel; sourceTree = "<group>"; };
		9F6F743E1FB2D892009A539D /* Assets.xcassets */ = {isa = PBXFileReference; lastKnownFileType = folder.assetcatalog; path = Assets.xcassets; sourceTree = "<group>"; };
		9F6F74411FB2D892009A539D /* Base */ = {isa = PBXFileReference; lastKnownFileType = file.storyboard; name = Base; path = Base.lproj/LaunchScreen.storyboard; sourceTree = "<group>"; };
		9F6F74431FB2D892009A539D /* Info.plist */ = {isa = PBXFileReference; lastKnownFileType = text.plist.xml; path = Info.plist; sourceTree = "<group>"; };
		9F6F74481FB2D893009A539D /* nCombinatorTests.xctest */ = {isa = PBXFileReference; explicitFileType = wrapper.cfbundle; includeInIndex = 0; path = nCombinatorTests.xctest; sourceTree = BUILT_PRODUCTS_DIR; };
		9F6F744C1FB2D893009A539D /* nCombinatorTests.swift */ = {isa = PBXFileReference; lastKnownFileType = sourcecode.swift; path = nCombinatorTests.swift; sourceTree = "<group>"; };
		9F6F744E1FB2D893009A539D /* Info.plist */ = {isa = PBXFileReference; lastKnownFileType = text.plist.xml; path = Info.plist; sourceTree = "<group>"; };
		9F6F74531FB2D893009A539D /* nCombinatorUITests.xctest */ = {isa = PBXFileReference; explicitFileType = wrapper.cfbundle; includeInIndex = 0; path = nCombinatorUITests.xctest; sourceTree = BUILT_PRODUCTS_DIR; };
		9F6F74571FB2D893009A539D /* nCombinatorUITests.swift */ = {isa = PBXFileReference; lastKnownFileType = sourcecode.swift; path = nCombinatorUITests.swift; sourceTree = "<group>"; };
		9F6F74591FB2D893009A539D /* Info.plist */ = {isa = PBXFileReference; lastKnownFileType = text.plist.xml; path = Info.plist; sourceTree = "<group>"; };
		9F6F746C1FB2DC4D009A539D /* SourceSelectionVC.swift */ = {isa = PBXFileReference; fileEncoding = 4; lastKnownFileType = sourcecode.swift; path = SourceSelectionVC.swift; sourceTree = "<group>"; };
		9F6F746E1FB2DC8E009A539D /* Reddit.swift */ = {isa = PBXFileReference; fileEncoding = 4; lastKnownFileType = sourcecode.swift; path = Reddit.swift; sourceTree = "<group>"; };
		9F6F74701FB2DCA9009A539D /* HackerNews.swift */ = {isa = PBXFileReference; fileEncoding = 4; lastKnownFileType = sourcecode.swift; path = HackerNews.swift; sourceTree = "<group>"; };
		9F6F74721FB2DCE4009A539D /* ProductHunt.swift */ = {isa = PBXFileReference; fileEncoding = 4; lastKnownFileType = sourcecode.swift; path = ProductHunt.swift; sourceTree = "<group>"; };
		C1DAFF6C528A38284FAD1EFF /* Pods_nCombinator.framework */ = {isa = PBXFileReference; explicitFileType = wrapper.framework; includeInIndex = 0; path = Pods_nCombinator.framework; sourceTree = BUILT_PRODUCTS_DIR; };
		C8C500B00C19E2BD33CA49E0 /* Pods-nCombinatorTests.debug.xcconfig */ = {isa = PBXFileReference; includeInIndex = 1; lastKnownFileType = text.xcconfig; name = "Pods-nCombinatorTests.debug.xcconfig"; path = "Pods/Target Support Files/Pods-nCombinatorTests/Pods-nCombinatorTests.debug.xcconfig"; sourceTree = "<group>"; };
		E7C3D9E79AD1D731C4359DA6 /* Pods_nCombinatorUITests.framework */ = {isa = PBXFileReference; explicitFileType = wrapper.framework; includeInIndex = 0; path = Pods_nCombinatorUITests.framework; sourceTree = BUILT_PRODUCTS_DIR; };
		F59443126A07297CCAD0EFFA /* Pods_nCombinatorTests.framework */ = {isa = PBXFileReference; explicitFileType = wrapper.framework; includeInIndex = 0; path = Pods_nCombinatorTests.framework; sourceTree = BUILT_PRODUCTS_DIR; };
		FB0F322685EB48B45096B65C /* Pods-nCombinator.release.xcconfig */ = {isa = PBXFileReference; includeInIndex = 1; lastKnownFileType = text.xcconfig; name = "Pods-nCombinator.release.xcconfig"; path = "Pods/Target Support Files/Pods-nCombinator/Pods-nCombinator.release.xcconfig"; sourceTree = "<group>"; };
/* End PBXFileReference section */

/* Begin PBXFrameworksBuildPhase section */
		9F6F742E1FB2D892009A539D /* Frameworks */ = {
			isa = PBXFrameworksBuildPhase;
			buildActionMask = 2147483647;
			files = (
				8F0BDEE72C4F49C0EBF0A670 /* Pods_nCombinator.framework in Frameworks */,
			);
			runOnlyForDeploymentPostprocessing = 0;
		};
		9F6F74451FB2D893009A539D /* Frameworks */ = {
			isa = PBXFrameworksBuildPhase;
			buildActionMask = 2147483647;
			files = (
				D88B4C008001E96DAC8C987F /* Pods_nCombinatorTests.framework in Frameworks */,
			);
			runOnlyForDeploymentPostprocessing = 0;
		};
		9F6F74501FB2D893009A539D /* Frameworks */ = {
			isa = PBXFrameworksBuildPhase;
			buildActionMask = 2147483647;
			files = (
				2CE6BA5279F9022BA086BD4E /* Pods_nCombinatorUITests.framework in Frameworks */,
			);
			runOnlyForDeploymentPostprocessing = 0;
		};
/* End PBXFrameworksBuildPhase section */

/* Begin PBXGroup section */
		46C91A77A390B6D2D65CF63F /* Pods */ = {
			isa = PBXGroup;
			children = (
				719C03DC5BBD5AC94E1F154B /* Pods-nCombinator.debug.xcconfig */,
				FB0F322685EB48B45096B65C /* Pods-nCombinator.release.xcconfig */,
				C8C500B00C19E2BD33CA49E0 /* Pods-nCombinatorTests.debug.xcconfig */,
				4ED41FE4838176F9508D2DDB /* Pods-nCombinatorTests.release.xcconfig */,
				1B7F9C75B789658F3010CCAA /* Pods-nCombinatorUITests.debug.xcconfig */,
				1C2DFA6E826689EB012965F3 /* Pods-nCombinatorUITests.release.xcconfig */,
			);
			name = Pods;
			sourceTree = "<group>";
		};
		8EF85EE8D98F37EC0135A27E /* Frameworks */ = {
			isa = PBXGroup;
			children = (
				C1DAFF6C528A38284FAD1EFF /* Pods_nCombinator.framework */,
				F59443126A07297CCAD0EFFA /* Pods_nCombinatorTests.framework */,
				E7C3D9E79AD1D731C4359DA6 /* Pods_nCombinatorUITests.framework */,
			);
			name = Frameworks;
			sourceTree = "<group>";
		};
		9F5908CC1FB2E0E600BA6456 /* Helpers */ = {
			isa = PBXGroup;
			children = (
				9F6F74691FB2DADB009A539D /* Utils */,
				9F6F746A1FB2DB00009A539D /* Services */,
			);
			name = Helpers;
			sourceTree = "<group>";
		};
		9F6F74281FB2D892009A539D = {
			isa = PBXGroup;
			children = (
				9F6F74331FB2D892009A539D /* nCombinator */,
				9F6F744B1FB2D893009A539D /* nCombinatorTests */,
				9F6F74561FB2D893009A539D /* nCombinatorUITests */,
				9F6F74321FB2D892009A539D /* Products */,
				46C91A77A390B6D2D65CF63F /* Pods */,
				8EF85EE8D98F37EC0135A27E /* Frameworks */,
			);
			sourceTree = "<group>";
		};
		9F6F74321FB2D892009A539D /* Products */ = {
			isa = PBXGroup;
			children = (
				9F6F74311FB2D892009A539D /* nCombinator.app */,
				9F6F74481FB2D893009A539D /* nCombinatorTests.xctest */,
				9F6F74531FB2D893009A539D /* nCombinatorUITests.xctest */,
			);
			name = Products;
			sourceTree = "<group>";
		};
		9F6F74331FB2D892009A539D /* nCombinator */ = {
			isa = PBXGroup;
			children = (
				9F6F746B1FB2DBF9009A539D /* Resources */,
				9F5908CC1FB2E0E600BA6456 /* Helpers */,
				9F6F74681FB2DAD6009A539D /* ViewControllers */,
				9F6F74671FB2DAD1009A539D /* Views */,
				9F6F74661FB2DA72009A539D /* Models */,
				9F6F74341FB2D892009A539D /* AppDelegate.swift */,
				9F6F743E1FB2D892009A539D /* Assets.xcassets */,
				9F6F74401FB2D892009A539D /* LaunchScreen.storyboard */,
				9F6F74431FB2D892009A539D /* Info.plist */,
				9F6F743B1FB2D892009A539D /* nCombinator.xcdatamodeld */,
			);
			path = nCombinator;
			sourceTree = "<group>";
		};
		9F6F744B1FB2D893009A539D /* nCombinatorTests */ = {
			isa = PBXGroup;
			children = (
				9F6F744C1FB2D893009A539D /* nCombinatorTests.swift */,
				9F6F744E1FB2D893009A539D /* Info.plist */,
			);
			path = nCombinatorTests;
			sourceTree = "<group>";
		};
		9F6F74561FB2D893009A539D /* nCombinatorUITests */ = {
			isa = PBXGroup;
			children = (
				9F6F74571FB2D893009A539D /* nCombinatorUITests.swift */,
				9F6F74591FB2D893009A539D /* Info.plist */,
			);
			path = nCombinatorUITests;
			sourceTree = "<group>";
		};
		9F6F74661FB2DA72009A539D /* Models */ = {
			isa = PBXGroup;
			children = (
				9F6F746E1FB2DC8E009A539D /* Reddit.swift */,
				9F6F74701FB2DCA9009A539D /* HackerNews.swift */,
				9F6F74721FB2DCE4009A539D /* ProductHunt.swift */,
				9F5908CA1FB2DF7A00BA6456 /* FeedItem.swift */,
			);
			name = Models;
			sourceTree = "<group>";
		};
		9F6F74671FB2DAD1009A539D /* Views */ = {
			isa = PBXGroup;
			children = (
				9F6F74381FB2D892009A539D /* Main.storyboard */,
			);
			name = Views;
			sourceTree = "<group>";
		};
		9F6F74681FB2DAD6009A539D /* ViewControllers */ = {
			isa = PBXGroup;
			children = (
				9F6F74361FB2D892009A539D /* MainVC.swift */,
				9F6F746C1FB2DC4D009A539D /* SourceSelectionVC.swift */,
			);
			name = ViewControllers;
			sourceTree = "<group>";
		};
		9F6F74691FB2DADB009A539D /* Utils */ = {
			isa = PBXGroup;
			children = (
			);
			name = Utils;
			sourceTree = "<group>";
		};
		9F6F746A1FB2DB00009A539D /* Services */ = {
			isa = PBXGroup;
			children = (
			);
			name = Services;
			sourceTree = "<group>";
		};
		9F6F746B1FB2DBF9009A539D /* Resources */ = {
			isa = PBXGroup;
			children = (
			);
			name = Resources;
			sourceTree = "<group>";
		};
/* End PBXGroup section */

/* Begin PBXNativeTarget section */
		9F6F74301FB2D892009A539D /* nCombinator */ = {
			isa = PBXNativeTarget;
			buildConfigurationList = 9F6F745C1FB2D893009A539D /* Build configuration list for PBXNativeTarget "nCombinator" */;
			buildPhases = (
				D003FDBDC53327D27A87EB98 /* [CP] Check Pods Manifest.lock */,
				9F6F742D1FB2D892009A539D /* Sources */,
				9F6F742E1FB2D892009A539D /* Frameworks */,
				9F6F742F1FB2D892009A539D /* Resources */,
				5AFDBEB772F1E76639988300 /* [CP] Embed Pods Frameworks */,
				14EC13E4C91DEBF7D6A54630 /* [CP] Copy Pods Resources */,
			);
			buildRules = (
			);
			dependencies = (
			);
			name = nCombinator;
			productName = nCombinator;
			productReference = 9F6F74311FB2D892009A539D /* nCombinator.app */;
			productType = "com.apple.product-type.application";
		};
		9F6F74471FB2D893009A539D /* nCombinatorTests */ = {
			isa = PBXNativeTarget;
			buildConfigurationList = 9F6F745F1FB2D893009A539D /* Build configuration list for PBXNativeTarget "nCombinatorTests" */;
			buildPhases = (
				7CE65831727DEACAA89DA01B /* [CP] Check Pods Manifest.lock */,
				9F6F74441FB2D893009A539D /* Sources */,
				9F6F74451FB2D893009A539D /* Frameworks */,
				9F6F74461FB2D893009A539D /* Resources */,
				ED5EB62EDF44DD9DBBC981DD /* [CP] Embed Pods Frameworks */,
				B42699CEF72C8EAE79085907 /* [CP] Copy Pods Resources */,
			);
			buildRules = (
			);
			dependencies = (
				9F6F744A1FB2D893009A539D /* PBXTargetDependency */,
			);
			name = nCombinatorTests;
			productName = nCombinatorTests;
			productReference = 9F6F74481FB2D893009A539D /* nCombinatorTests.xctest */;
			productType = "com.apple.product-type.bundle.unit-test";
		};
		9F6F74521FB2D893009A539D /* nCombinatorUITests */ = {
			isa = PBXNativeTarget;
			buildConfigurationList = 9F6F74621FB2D893009A539D /* Build configuration list for PBXNativeTarget "nCombinatorUITests" */;
			buildPhases = (
				551349596FF91C7E21F6C5EA /* [CP] Check Pods Manifest.lock */,
				9F6F744F1FB2D893009A539D /* Sources */,
				9F6F74501FB2D893009A539D /* Frameworks */,
				9F6F74511FB2D893009A539D /* Resources */,
				0CC2E6EC9695175E02431EE2 /* [CP] Embed Pods Frameworks */,
				FB1CA4F37AA230EA6B70F228 /* [CP] Copy Pods Resources */,
			);
			buildRules = (
			);
			dependencies = (
				9F6F74551FB2D893009A539D /* PBXTargetDependency */,
			);
			name = nCombinatorUITests;
			productName = nCombinatorUITests;
			productReference = 9F6F74531FB2D893009A539D /* nCombinatorUITests.xctest */;
			productType = "com.apple.product-type.bundle.ui-testing";
		};
/* End PBXNativeTarget section */

/* Begin PBXProject section */
		9F6F74291FB2D892009A539D /* Project object */ = {
			isa = PBXProject;
			attributes = {
				LastSwiftUpdateCheck = 0830;
				LastUpgradeCheck = 0830;
				ORGANIZATIONNAME = "Gurkan Yilmaz";
				TargetAttributes = {
					9F6F74301FB2D892009A539D = {
						CreatedOnToolsVersion = 8.3.2;
						DevelopmentTeam = JP8T8ZDVB3;
						ProvisioningStyle = Automatic;
					};
					9F6F74471FB2D893009A539D = {
						CreatedOnToolsVersion = 8.3.2;
						DevelopmentTeam = JP8T8ZDVB3;
						ProvisioningStyle = Automatic;
						TestTargetID = 9F6F74301FB2D892009A539D;
					};
					9F6F74521FB2D893009A539D = {
						CreatedOnToolsVersion = 8.3.2;
						DevelopmentTeam = JP8T8ZDVB3;
						ProvisioningStyle = Automatic;
						TestTargetID = 9F6F74301FB2D892009A539D;
					};
				};
			};
			buildConfigurationList = 9F6F742C1FB2D892009A539D /* Build configuration list for PBXProject "nCombinator" */;
			compatibilityVersion = "Xcode 3.2";
			developmentRegion = English;
			hasScannedForEncodings = 0;
			knownRegions = (
				en,
				Base,
			);
			mainGroup = 9F6F74281FB2D892009A539D;
			productRefGroup = 9F6F74321FB2D892009A539D /* Products */;
			projectDirPath = "";
			projectRoot = "";
			targets = (
				9F6F74301FB2D892009A539D /* nCombinator */,
				9F6F74471FB2D893009A539D /* nCombinatorTests */,
				9F6F74521FB2D893009A539D /* nCombinatorUITests */,
			);
		};
/* End PBXProject section */

/* Begin PBXResourcesBuildPhase section */
		9F6F742F1FB2D892009A539D /* Resources */ = {
			isa = PBXResourcesBuildPhase;
			buildActionMask = 2147483647;
			files = (
				9F6F74421FB2D892009A539D /* LaunchScreen.storyboard in Resources */,
				9F6F743F1FB2D892009A539D /* Assets.xcassets in Resources */,
				9F6F743A1FB2D892009A539D /* Main.storyboard in Resources */,
			);
			runOnlyForDeploymentPostprocessing = 0;
		};
		9F6F74461FB2D893009A539D /* Resources */ = {
			isa = PBXResourcesBuildPhase;
			buildActionMask = 2147483647;
			files = (
			);
			runOnlyForDeploymentPostprocessing = 0;
		};
		9F6F74511FB2D893009A539D /* Resources */ = {
			isa = PBXResourcesBuildPhase;
			buildActionMask = 2147483647;
			files = (
			);
			runOnlyForDeploymentPostprocessing = 0;
		};
/* End PBXResourcesBuildPhase section */

/* Begin PBXShellScriptBuildPhase section */
		0CC2E6EC9695175E02431EE2 /* [CP] Embed Pods Frameworks */ = {
			isa = PBXShellScriptBuildPhase;
			buildActionMask = 2147483647;
			files = (
			);
			inputPaths = (
			);
			name = "[CP] Embed Pods Frameworks";
			outputPaths = (
			);
			runOnlyForDeploymentPostprocessing = 0;
			shellPath = /bin/sh;
			shellScript = "\"${SRCROOT}/Pods/Target Support Files/Pods-nCombinatorUITests/Pods-nCombinatorUITests-frameworks.sh\"\n";
			showEnvVarsInLog = 0;
		};
		14EC13E4C91DEBF7D6A54630 /* [CP] Copy Pods Resources */ = {
			isa = PBXShellScriptBuildPhase;
			buildActionMask = 2147483647;
			files = (
			);
			inputPaths = (
			);
			name = "[CP] Copy Pods Resources";
			outputPaths = (
			);
			runOnlyForDeploymentPostprocessing = 0;
			shellPath = /bin/sh;
			shellScript = "\"${SRCROOT}/Pods/Target Support Files/Pods-nCombinator/Pods-nCombinator-resources.sh\"\n";
			showEnvVarsInLog = 0;
		};
		551349596FF91C7E21F6C5EA /* [CP] Check Pods Manifest.lock */ = {
			isa = PBXShellScriptBuildPhase;
			buildActionMask = 2147483647;
			files = (
			);
			inputPaths = (
			);
			name = "[CP] Check Pods Manifest.lock";
			outputPaths = (
			);
			runOnlyForDeploymentPostprocessing = 0;
			shellPath = /bin/sh;
			shellScript = "diff \"${PODS_ROOT}/../Podfile.lock\" \"${PODS_ROOT}/Manifest.lock\" > /dev/null\nif [ $? != 0 ] ; then\n    # print error to STDERR\n    echo \"error: The sandbox is not in sync with the Podfile.lock. Run 'pod install' or update your CocoaPods installation.\" >&2\n    exit 1\nfi\n";
			showEnvVarsInLog = 0;
		};
		5AFDBEB772F1E76639988300 /* [CP] Embed Pods Frameworks */ = {
			isa = PBXShellScriptBuildPhase;
			buildActionMask = 2147483647;
			files = (
			);
			inputPaths = (
			);
			name = "[CP] Embed Pods Frameworks";
			outputPaths = (
			);
			runOnlyForDeploymentPostprocessing = 0;
			shellPath = /bin/sh;
			shellScript = "\"${SRCROOT}/Pods/Target Support Files/Pods-nCombinator/Pods-nCombinator-frameworks.sh\"\n";
			showEnvVarsInLog = 0;
		};
		7CE65831727DEACAA89DA01B /* [CP] Check Pods Manifest.lock */ = {
			isa = PBXShellScriptBuildPhase;
			buildActionMask = 2147483647;
			files = (
			);
			inputPaths = (
			);
			name = "[CP] Check Pods Manifest.lock";
			outputPaths = (
			);
			runOnlyForDeploymentPostprocessing = 0;
			shellPath = /bin/sh;
			shellScript = "diff \"${PODS_ROOT}/../Podfile.lock\" \"${PODS_ROOT}/Manifest.lock\" > /dev/null\nif [ $? != 0 ] ; then\n    # print error to STDERR\n    echo \"error: The sandbox is not in sync with the Podfile.lock. Run 'pod install' or update your CocoaPods installation.\" >&2\n    exit 1\nfi\n";
			showEnvVarsInLog = 0;
		};
		B42699CEF72C8EAE79085907 /* [CP] Copy Pods Resources */ = {
			isa = PBXShellScriptBuildPhase;
			buildActionMask = 2147483647;
			files = (
			);
			inputPaths = (
			);
			name = "[CP] Copy Pods Resources";
			outputPaths = (
			);
			runOnlyForDeploymentPostprocessing = 0;
			shellPath = /bin/sh;
			shellScript = "\"${SRCROOT}/Pods/Target Support Files/Pods-nCombinatorTests/Pods-nCombinatorTests-resources.sh\"\n";
			showEnvVarsInLog = 0;
		};
		D003FDBDC53327D27A87EB98 /* [CP] Check Pods Manifest.lock */ = {
			isa = PBXShellScriptBuildPhase;
			buildActionMask = 2147483647;
			files = (
			);
			inputPaths = (
			);
			name = "[CP] Check Pods Manifest.lock";
			outputPaths = (
			);
			runOnlyForDeploymentPostprocessing = 0;
			shellPath = /bin/sh;
			shellScript = "diff \"${PODS_ROOT}/../Podfile.lock\" \"${PODS_ROOT}/Manifest.lock\" > /dev/null\nif [ $? != 0 ] ; then\n    # print error to STDERR\n    echo \"error: The sandbox is not in sync with the Podfile.lock. Run 'pod install' or update your CocoaPods installation.\" >&2\n    exit 1\nfi\n";
			showEnvVarsInLog = 0;
		};
		ED5EB62EDF44DD9DBBC981DD /* [CP] Embed Pods Frameworks */ = {
			isa = PBXShellScriptBuildPhase;
			buildActionMask = 2147483647;
			files = (
			);
			inputPaths = (
			);
			name = "[CP] Embed Pods Frameworks";
			outputPaths = (
			);
			runOnlyForDeploymentPostprocessing = 0;
			shellPath = /bin/sh;
			shellScript = "\"${SRCROOT}/Pods/Target Support Files/Pods-nCombinatorTests/Pods-nCombinatorTests-frameworks.sh\"\n";
			showEnvVarsInLog = 0;
		};
		FB1CA4F37AA230EA6B70F228 /* [CP] Copy Pods Resources */ = {
			isa = PBXShellScriptBuildPhase;
			buildActionMask = 2147483647;
			files = (
			);
			inputPaths = (
			);
			name = "[CP] Copy Pods Resources";
			outputPaths = (
			);
			runOnlyForDeploymentPostprocessing = 0;
			shellPath = /bin/sh;
			shellScript = "\"${SRCROOT}/Pods/Target Support Files/Pods-nCombinatorUITests/Pods-nCombinatorUITests-resources.sh\"\n";
			showEnvVarsInLog = 0;
		};
/* End PBXShellScriptBuildPhase section */

/* Begin PBXSourcesBuildPhase section */
		9F6F742D1FB2D892009A539D /* Sources */ = {
			isa = PBXSourcesBuildPhase;
			buildActionMask = 2147483647;
			files = (
				9F6F74371FB2D892009A539D /* MainVC.swift in Sources */,
				9F6F746F1FB2DC8E009A539D /* Reddit.swift in Sources */,
				9F6F743D1FB2D892009A539D /* nCombinator.xcdatamodeld in Sources */,
				9F6F74731FB2DCE4009A539D /* ProductHunt.swift in Sources */,
				9F5908CB1FB2DF7A00BA6456 /* FeedItem.swift in Sources */,
				9F6F746D1FB2DC4D009A539D /* SourceSelectionVC.swift in Sources */,
				9F6F74711FB2DCA9009A539D /* HackerNews.swift in Sources */,
				9F6F74351FB2D892009A539D /* AppDelegate.swift in Sources */,
			);
			runOnlyForDeploymentPostprocessing = 0;
		};
		9F6F74441FB2D893009A539D /* Sources */ = {
			isa = PBXSourcesBuildPhase;
			buildActionMask = 2147483647;
			files = (
				9F6F744D1FB2D893009A539D /* nCombinatorTests.swift in Sources */,
			);
			runOnlyForDeploymentPostprocessing = 0;
		};
		9F6F744F1FB2D893009A539D /* Sources */ = {
			isa = PBXSourcesBuildPhase;
			buildActionMask = 2147483647;
			files = (
				9F6F74581FB2D893009A539D /* nCombinatorUITests.swift in Sources */,
			);
			runOnlyForDeploymentPostprocessing = 0;
		};
/* End PBXSourcesBuildPhase section */

/* Begin PBXTargetDependency section */
		9F6F744A1FB2D893009A539D /* PBXTargetDependency */ = {
			isa = PBXTargetDependency;
			target = 9F6F74301FB2D892009A539D /* nCombinator */;
			targetProxy = 9F6F74491FB2D893009A539D /* PBXContainerItemProxy */;
		};
		9F6F74551FB2D893009A539D /* PBXTargetDependency */ = {
			isa = PBXTargetDependency;
			target = 9F6F74301FB2D892009A539D /* nCombinator */;
			targetProxy = 9F6F74541FB2D893009A539D /* PBXContainerItemProxy */;
		};
/* End PBXTargetDependency section */

/* Begin PBXVariantGroup section */
		9F6F74381FB2D892009A539D /* Main.storyboard */ = {
			isa = PBXVariantGroup;
			children = (
				9F6F74391FB2D892009A539D /* Base */,
			);
			name = Main.storyboard;
			sourceTree = "<group>";
		};
		9F6F74401FB2D892009A539D /* LaunchScreen.storyboard */ = {
			isa = PBXVariantGroup;
			children = (
				9F6F74411FB2D892009A539D /* Base */,
			);
			name = LaunchScreen.storyboard;
			sourceTree = "<group>";
		};
/* End PBXVariantGroup section */

/* Begin XCBuildConfiguration section */
		9F6F745A1FB2D893009A539D /* Debug */ = {
			isa = XCBuildConfiguration;
			buildSettings = {
				ALWAYS_SEARCH_USER_PATHS = NO;
				CLANG_ANALYZER_NONNULL = YES;
				CLANG_ANALYZER_NUMBER_OBJECT_CONVERSION = YES_AGGRESSIVE;
				CLANG_CXX_LANGUAGE_STANDARD = "gnu++0x";
				CLANG_CXX_LIBRARY = "libc++";
				CLANG_ENABLE_MODULES = YES;
				CLANG_ENABLE_OBJC_ARC = YES;
				CLANG_WARN_BOOL_CONVERSION = YES;
				CLANG_WARN_CONSTANT_CONVERSION = YES;
				CLANG_WARN_DIRECT_OBJC_ISA_USAGE = YES_ERROR;
				CLANG_WARN_DOCUMENTATION_COMMENTS = YES;
				CLANG_WARN_EMPTY_BODY = YES;
				CLANG_WARN_ENUM_CONVERSION = YES;
				CLANG_WARN_INFINITE_RECURSION = YES;
				CLANG_WARN_INT_CONVERSION = YES;
				CLANG_WARN_OBJC_ROOT_CLASS = YES_ERROR;
				CLANG_WARN_SUSPICIOUS_MOVE = YES;
				CLANG_WARN_UNREACHABLE_CODE = YES;
				CLANG_WARN__DUPLICATE_METHOD_MATCH = YES;
				"CODE_SIGN_IDENTITY[sdk=iphoneos*]" = "iPhone Developer";
				COPY_PHASE_STRIP = NO;
				DEBUG_INFORMATION_FORMAT = dwarf;
				ENABLE_STRICT_OBJC_MSGSEND = YES;
				ENABLE_TESTABILITY = YES;
				GCC_C_LANGUAGE_STANDARD = gnu99;
				GCC_DYNAMIC_NO_PIC = NO;
				GCC_NO_COMMON_BLOCKS = YES;
				GCC_OPTIMIZATION_LEVEL = 0;
				GCC_PREPROCESSOR_DEFINITIONS = (
					"DEBUG=1",
					"$(inherited)",
				);
				GCC_WARN_64_TO_32_BIT_CONVERSION = YES;
				GCC_WARN_ABOUT_RETURN_TYPE = YES_ERROR;
				GCC_WARN_UNDECLARED_SELECTOR = YES;
				GCC_WARN_UNINITIALIZED_AUTOS = YES_AGGRESSIVE;
				GCC_WARN_UNUSED_FUNCTION = YES;
				GCC_WARN_UNUSED_VARIABLE = YES;
				IPHONEOS_DEPLOYMENT_TARGET = 10.3;
				MTL_ENABLE_DEBUG_INFO = YES;
				ONLY_ACTIVE_ARCH = YES;
				SDKROOT = iphoneos;
				SWIFT_ACTIVE_COMPILATION_CONDITIONS = DEBUG;
				SWIFT_OPTIMIZATION_LEVEL = "-Onone";
				TARGETED_DEVICE_FAMILY = "1,2";
			};
			name = Debug;
		};
		9F6F745B1FB2D893009A539D /* Release */ = {
			isa = XCBuildConfiguration;
			buildSettings = {
				ALWAYS_SEARCH_USER_PATHS = NO;
				CLANG_ANALYZER_NONNULL = YES;
				CLANG_ANALYZER_NUMBER_OBJECT_CONVERSION = YES_AGGRESSIVE;
				CLANG_CXX_LANGUAGE_STANDARD = "gnu++0x";
				CLANG_CXX_LIBRARY = "libc++";
				CLANG_ENABLE_MODULES = YES;
				CLANG_ENABLE_OBJC_ARC = YES;
				CLANG_WARN_BOOL_CONVERSION = YES;
				CLANG_WARN_CONSTANT_CONVERSION = YES;
				CLANG_WARN_DIRECT_OBJC_ISA_USAGE = YES_ERROR;
				CLANG_WARN_DOCUMENTATION_COMMENTS = YES;
				CLANG_WARN_EMPTY_BODY = YES;
				CLANG_WARN_ENUM_CONVERSION = YES;
				CLANG_WARN_INFINITE_RECURSION = YES;
				CLANG_WARN_INT_CONVERSION = YES;
				CLANG_WARN_OBJC_ROOT_CLASS = YES_ERROR;
				CLANG_WARN_SUSPICIOUS_MOVE = YES;
				CLANG_WARN_UNREACHABLE_CODE = YES;
				CLANG_WARN__DUPLICATE_METHOD_MATCH = YES;
				"CODE_SIGN_IDENTITY[sdk=iphoneos*]" = "iPhone Developer";
				COPY_PHASE_STRIP = NO;
				DEBUG_INFORMATION_FORMAT = "dwarf-with-dsym";
				ENABLE_NS_ASSERTIONS = NO;
				ENABLE_STRICT_OBJC_MSGSEND = YES;
				GCC_C_LANGUAGE_STANDARD = gnu99;
				GCC_NO_COMMON_BLOCKS = YES;
				GCC_WARN_64_TO_32_BIT_CONVERSION = YES;
				GCC_WARN_ABOUT_RETURN_TYPE = YES_ERROR;
				GCC_WARN_UNDECLARED_SELECTOR = YES;
				GCC_WARN_UNINITIALIZED_AUTOS = YES_AGGRESSIVE;
				GCC_WARN_UNUSED_FUNCTION = YES;
				GCC_WARN_UNUSED_VARIABLE = YES;
				IPHONEOS_DEPLOYMENT_TARGET = 10.3;
				MTL_ENABLE_DEBUG_INFO = NO;
				SDKROOT = iphoneos;
				SWIFT_OPTIMIZATION_LEVEL = "-Owholemodule";
				TARGETED_DEVICE_FAMILY = "1,2";
				VALIDATE_PRODUCT = YES;
			};
			name = Release;
		};
		9F6F745D1FB2D893009A539D /* Debug */ = {
			isa = XCBuildConfiguration;
			baseConfigurationReference = 719C03DC5BBD5AC94E1F154B /* Pods-nCombinator.debug.xcconfig */;
			buildSettings = {
				ALWAYS_EMBED_SWIFT_STANDARD_LIBRARIES = YES;
				ASSETCATALOG_COMPILER_APPICON_NAME = AppIcon;
				DEVELOPMENT_TEAM = JP8T8ZDVB3;
				INFOPLIST_FILE = nCombinator/Info.plist;
				IPHONEOS_DEPLOYMENT_TARGET = 10.0;
				LD_RUNPATH_SEARCH_PATHS = "$(inherited) @executable_path/Frameworks";
				PRODUCT_BUNDLE_IDENTIFIER = ems.works.nCombinator;
				PRODUCT_NAME = "$(TARGET_NAME)";
				SWIFT_VERSION = 3.0;
			};
			name = Debug;
		};
		9F6F745E1FB2D893009A539D /* Release */ = {
			isa = XCBuildConfiguration;
			baseConfigurationReference = FB0F322685EB48B45096B65C /* Pods-nCombinator.release.xcconfig */;
			buildSettings = {
				ALWAYS_EMBED_SWIFT_STANDARD_LIBRARIES = YES;
				ASSETCATALOG_COMPILER_APPICON_NAME = AppIcon;
				DEVELOPMENT_TEAM = JP8T8ZDVB3;
				INFOPLIST_FILE = nCombinator/Info.plist;
				IPHONEOS_DEPLOYMENT_TARGET = 10.0;
				LD_RUNPATH_SEARCH_PATHS = "$(inherited) @executable_path/Frameworks";
				PRODUCT_BUNDLE_IDENTIFIER = ems.works.nCombinator;
				PRODUCT_NAME = "$(TARGET_NAME)";
				SWIFT_VERSION = 3.0;
			};
			name = Release;
		};
		9F6F74601FB2D893009A539D /* Debug */ = {
			isa = XCBuildConfiguration;
			baseConfigurationReference = C8C500B00C19E2BD33CA49E0 /* Pods-nCombinatorTests.debug.xcconfig */;
			buildSettings = {
				ALWAYS_EMBED_SWIFT_STANDARD_LIBRARIES = YES;
				BUNDLE_LOADER = "$(TEST_HOST)";
				DEVELOPMENT_TEAM = JP8T8ZDVB3;
				INFOPLIST_FILE = nCombinatorTests/Info.plist;
				LD_RUNPATH_SEARCH_PATHS = "$(inherited) @executable_path/Frameworks @loader_path/Frameworks";
				PRODUCT_BUNDLE_IDENTIFIER = ems.works.nCombinatorTests;
				PRODUCT_NAME = "$(TARGET_NAME)";
				SWIFT_VERSION = 3.0;
				TEST_HOST = "$(BUILT_PRODUCTS_DIR)/nCombinator.app/nCombinator";
			};
			name = Debug;
		};
		9F6F74611FB2D893009A539D /* Release */ = {
			isa = XCBuildConfiguration;
			baseConfigurationReference = 4ED41FE4838176F9508D2DDB /* Pods-nCombinatorTests.release.xcconfig */;
			buildSettings = {
				ALWAYS_EMBED_SWIFT_STANDARD_LIBRARIES = YES;
				BUNDLE_LOADER = "$(TEST_HOST)";
				DEVELOPMENT_TEAM = JP8T8ZDVB3;
				INFOPLIST_FILE = nCombinatorTests/Info.plist;
				LD_RUNPATH_SEARCH_PATHS = "$(inherited) @executable_path/Frameworks @loader_path/Frameworks";
				PRODUCT_BUNDLE_IDENTIFIER = ems.works.nCombinatorTests;
				PRODUCT_NAME = "$(TARGET_NAME)";
				SWIFT_VERSION = 3.0;
				TEST_HOST = "$(BUILT_PRODUCTS_DIR)/nCombinator.app/nCombinator";
			};
			name = Release;
		};
		9F6F74631FB2D893009A539D /* Debug */ = {
			isa = XCBuildConfiguration;
			baseConfigurationReference = 1B7F9C75B789658F3010CCAA /* Pods-nCombinatorUITests.debug.xcconfig */;
			buildSettings = {
				ALWAYS_EMBED_SWIFT_STANDARD_LIBRARIES = YES;
				DEVELOPMENT_TEAM = JP8T8ZDVB3;
				INFOPLIST_FILE = nCombinatorUITests/Info.plist;
				LD_RUNPATH_SEARCH_PATHS = "$(inherited) @executable_path/Frameworks @loader_path/Frameworks";
				PRODUCT_BUNDLE_IDENTIFIER = ems.works.nCombinatorUITests;
				PRODUCT_NAME = "$(TARGET_NAME)";
				SWIFT_VERSION = 3.0;
				TEST_TARGET_NAME = nCombinator;
			};
			name = Debug;
		};
		9F6F74641FB2D893009A539D /* Release */ = {
			isa = XCBuildConfiguration;
			baseConfigurationReference = 1C2DFA6E826689EB012965F3 /* Pods-nCombinatorUITests.release.xcconfig */;
			buildSettings = {
				ALWAYS_EMBED_SWIFT_STANDARD_LIBRARIES = YES;
				DEVELOPMENT_TEAM = JP8T8ZDVB3;
				INFOPLIST_FILE = nCombinatorUITests/Info.plist;
				LD_RUNPATH_SEARCH_PATHS = "$(inherited) @executable_path/Frameworks @loader_path/Frameworks";
				PRODUCT_BUNDLE_IDENTIFIER = ems.works.nCombinatorUITests;
				PRODUCT_NAME = "$(TARGET_NAME)";
				SWIFT_VERSION = 3.0;
				TEST_TARGET_NAME = nCombinator;
			};
			name = Release;
		};
/* End XCBuildConfiguration section */

/* Begin XCConfigurationList section */
		9F6F742C1FB2D892009A539D /* Build configuration list for PBXProject "nCombinator" */ = {
			isa = XCConfigurationList;
			buildConfigurations = (
				9F6F745A1FB2D893009A539D /* Debug */,
				9F6F745B1FB2D893009A539D /* Release */,
			);
			defaultConfigurationIsVisible = 0;
			defaultConfigurationName = Release;
		};
		9F6F745C1FB2D893009A539D /* Build configuration list for PBXNativeTarget "nCombinator" */ = {
			isa = XCConfigurationList;
			buildConfigurations = (
				9F6F745D1FB2D893009A539D /* Debug */,
				9F6F745E1FB2D893009A539D /* Release */,
			);
			defaultConfigurationIsVisible = 0;
			defaultConfigurationName = Release;
		};
		9F6F745F1FB2D893009A539D /* Build configuration list for PBXNativeTarget "nCombinatorTests" */ = {
			isa = XCConfigurationList;
			buildConfigurations = (
				9F6F74601FB2D893009A539D /* Debug */,
				9F6F74611FB2D893009A539D /* Release */,
			);
			defaultConfigurationIsVisible = 0;
			defaultConfigurationName = Release;
		};
		9F6F74621FB2D893009A539D /* Build configuration list for PBXNativeTarget "nCombinatorUITests" */ = {
			isa = XCConfigurationList;
			buildConfigurations = (
				9F6F74631FB2D893009A539D /* Debug */,
				9F6F74641FB2D893009A539D /* Release */,
			);
			defaultConfigurationIsVisible = 0;
			defaultConfigurationName = Release;
		};
/* End XCConfigurationList section */

/* Begin XCVersionGroup section */
		9F6F743B1FB2D892009A539D /* nCombinator.xcdatamodeld */ = {
			isa = XCVersionGroup;
			children = (
				9F6F743C1FB2D892009A539D /* nCombinator.xcdatamodel */,
			);
			currentVersion = 9F6F743C1FB2D892009A539D /* nCombinator.xcdatamodel */;
			path = nCombinator.xcdatamodeld;
			sourceTree = "<group>";
			versionGroupType = wrapper.xcdatamodel;
		};
/* End XCVersionGroup section */
	};
	rootObject = 9F6F74291FB2D892009A539D /* Project object */;
}
